{
  "name": "package-tests",
  "version": "1.0.0",
  "lockfileVersion": 2,
  "requires": true,
  "packages": {
    "": {
      "name": "package-tests",
      "version": "1.0.0",
      "license": "ISC",
      "dependencies": {
        "colour": "^0.7.1"
      }
    },
    "node_modules/colour": {
      "version": "0.7.1",
      "resolved": "https://registry.npmjs.org/colour/-/colour-0.7.1.tgz",
      "integrity": "sha1-nLFpkX7F0SwHNtPoaFdG3xyt93g=",
      "engines": {
        "node": ">=0.8"
      }
    }
  },
  "dependencies": {
    "colour": {
      "version": "0.7.1",
      "resolved": "https://registry.npmjs.org/colour/-/colour-0.7.1.tgz",
      "integrity": "sha1-nLFpkX7F0SwHNtPoaFdG3xyt93g="
    }
  }
}
